
Microsoft Visual Studio Solution File, Format Version 12.00
# Visual Studio Version 17
VisualStudioVersion = 17.3.32804.467
MinimumVisualStudioVersion = 10.0.40219.1
Project("{FAE04EC0-301F-11D3-BF4B-00C04F79EFBC}") = "SecretsManagement.WebApi", "SecretsManagement.WebApi\SecretsManagement.WebApi.csproj", "{25DFAABC-A9A9-4591-8536-5EEA317D3302}"
EndProject
Global
	GlobalSection(SolutionConfigurationPlatforms) = preSolution
		Debug|Any CPU = Debug|Any CPU
		Release|Any CPU = Release|Any CPU
	EndGlobalSection
	GlobalSection(ProjectConfigurationPlatforms) = postSolution
		{25DFAABC-A9A9-4591-8536-5EEA317D3302}.Debug|Any CPU.ActiveCfg = Debug|Any CPU
		{25DFAABC-A9A9-4591-8536-5EEA317D3302}.Debug|Any CPU.Build.0 = Debug|Any CPU
		{25DFAABC-A9A9-4591-8536-5EEA317D3302}.Release|Any CPU.ActiveCfg = Release|Any CPU
		{25DFAABC-A9A9-4591-8536-5EEA317D3302}.Release|Any CPU.Build.0 = Release|Any CPU
	EndGlobalSection
	GlobalSection(SolutionProperties) = preSolution
		HideSolutionNode = FALSE
	EndGlobalSection
	GlobalSection(ExtensibilityGlobals) = postSolution
		SolutionGuid = {8ACB2953-6D1C-4E86-9A46-9C4DE30D91F4}
	EndGlobalSection
EndGlobal
